{
    "_readme": [
        "This file locks the dependencies of your project to a known state",
        "Read more about it at https://getcomposer.org/doc/01-basic-usage.md#installing-dependencies",
        "This file is @generated automatically"
    ],
    "content-hash": "1fe6764ee842ab3f25af7e124af79122",
    "packages": [
        {
            "name": "mariusmandal/wpoo",
            "version": "dev-master",
            "source": {
                "type": "git",
                "url": "https://github.com/mariusmandal/WPOO.git",
                "reference": "ca2c7b70aae0d45466add2be039f3bffd4674317"
            },
            "dist": {
                "type": "zip",
                "url": "https://api.github.com/repos/mariusmandal/WPOO/zipball/ca2c7b70aae0d45466add2be039f3bffd4674317",
                "reference": "ca2c7b70aae0d45466add2be039f3bffd4674317",
                "shasum": ""
            },
            "require": {
                "php": ">=5.3.0"
            },
            "default-branch": true,
            "type": "library",
            "autoload": {
                "psr-0": {
                    "WPOO_": ""
                }
            },
            "notification-url": "https://packagist.org/downloads/",
            "license": [
                "MIT"
            ],
            "authors": [
                {
                    "name": "Marius Mandal",
                    "email": "mariusmandal@gmail.com",
                    "homepage": "http://mariusmandal.no",
                    "role": "Developer"
                }
            ],
            "description": "Helper classes for object-oriented wordpress themes",
            "homepage": "https://github.com/mariusmandal/WPOO",
            "keywords": [
                "themes",
                "wordpress"
            ],
            "support": {
                "issues": "https://github.com/mariusmandal/WPOO/issues",
                "source": "https://github.com/mariusmandal/WPOO/tree/master"
            },
            "time": "2019-09-09T12:43:29+00:00"
        },
        {
            "name": "symfony/deprecation-contracts",
            "version": "dev-main",
            "source": {
                "type": "git",
                "url": "https://github.com/symfony/deprecation-contracts.git",
                "reference": "63afe740e99a13ba87ec199bb07bbdee937a5b62"
            },
            "dist": {
                "type": "zip",
                "url": "https://api.github.com/repos/symfony/deprecation-contracts/zipball/63afe740e99a13ba87ec199bb07bbdee937a5b62",
                "reference": "63afe740e99a13ba87ec199bb07bbdee937a5b62",
                "shasum": ""
            },
            "require": {
                "php": ">=8.1"
            },
            "default-branch": true,
            "type": "library",
            "extra": {
                "branch-alias": {
                    "dev-main": "3.6-dev"
                },
                "thanks": {
                    "name": "symfony/contracts",
                    "url": "https://github.com/symfony/contracts"
                }
            },
            "autoload": {
                "files": [
                    "function.php"
                ]
            },
            "notification-url": "https://packagist.org/downloads/",
            "license": [
                "MIT"
            ],
            "authors": [
                {
                    "name": "Nicolas Grekas",
                    "email": "p@tchwork.com"
                },
                {
                    "name": "Symfony Community",
                    "homepage": "https://symfony.com/contributors"
                }
            ],
            "description": "A generic function and convention to trigger deprecation notices",
            "homepage": "https://symfony.com",
            "support": {
                "source": "https://github.com/symfony/deprecation-contracts/tree/main"
            },
            "funding": [
                {
                    "url": "https://symfony.com/sponsor",
                    "type": "custom"
                },
                {
                    "url": "https://github.com/fabpot",
                    "type": "github"
                },
                {
                    "url": "https://tidelift.com/funding/github/packagist/symfony/symfony",
                    "type": "tidelift"
                }
            ],
            "time": "2024-09-25T14:21:43+00:00"
        },
        {
            "name": "symfony/polyfill-ctype",
            "version": "1.x-dev",
            "source": {
                "type": "git",
                "url": "https://github.com/symfony/polyfill-ctype.git",
                "reference": "a3cc8b044a6ea513310cbd48ef7333b384945638"
            },
            "dist": {
                "type": "zip",
                "url": "https://api.github.com/repos/symfony/polyfill-ctype/zipball/a3cc8b044a6ea513310cbd48ef7333b384945638",
                "reference": "a3cc8b044a6ea513310cbd48ef7333b384945638",
                "shasum": ""
            },
            "require": {
                "php": ">=7.2"
            },
            "provide": {
                "ext-ctype": "*"
            },
            "suggest": {
                "ext-ctype": "For best performance"
            },
            "default-branch": true,
            "type": "library",
            "extra": {
                "thanks": {
                    "name": "symfony/polyfill",
                    "url": "https://github.com/symfony/polyfill"
                }
            },
            "autoload": {
                "files": [
                    "bootstrap.php"
                ],
                "psr-4": {
                    "Symfony\\Polyfill\\Ctype\\": ""
                }
            },
            "notification-url": "https://packagist.org/downloads/",
            "license": [
                "MIT"
            ],
            "authors": [
                {
                    "name": "Gert de Pagter",
                    "email": "BackEndTea@gmail.com"
                },
                {
                    "name": "Symfony Community",
                    "homepage": "https://symfony.com/contributors"
                }
            ],
            "description": "Symfony polyfill for ctype functions",
            "homepage": "https://symfony.com",
            "keywords": [
                "compatibility",
                "ctype",
                "polyfill",
                "portable"
            ],
            "support": {
                "source": "https://github.com/symfony/polyfill-ctype/tree/v1.31.0"
            },
            "funding": [
                {
                    "url": "https://symfony.com/sponsor",
                    "type": "custom"
                },
                {
                    "url": "https://github.com/fabpot",
                    "type": "github"
                },
                {
                    "url": "https://tidelift.com/funding/github/packagist/symfony/symfony",
                    "type": "tidelift"
                }
            ],
            "time": "2024-09-09T11:45:10+00:00"
        },
        {
            "name": "symfony/polyfill-mbstring",
            "version": "1.x-dev",
            "source": {
                "type": "git",
                "url": "https://github.com/symfony/polyfill-mbstring.git",
                "reference": "2369cb908b33d7b7518cce042615de430142497f"
            },
            "dist": {
                "type": "zip",
                "url": "https://api.github.com/repos/symfony/polyfill-mbstring/zipball/2369cb908b33d7b7518cce042615de430142497f",
                "reference": "2369cb908b33d7b7518cce042615de430142497f",
                "shasum": ""
            },
            "require": {
                "php": ">=7.2"
            },
            "provide": {
                "ext-mbstring": "*"
            },
            "suggest": {
                "ext-mbstring": "For best performance"
            },
            "default-branch": true,
            "type": "library",
            "extra": {
                "thanks": {
                    "name": "symfony/polyfill",
                    "url": "https://github.com/symfony/polyfill"
                }
            },
            "autoload": {
                "files": [
                    "bootstrap.php"
                ],
                "psr-4": {
                    "Symfony\\Polyfill\\Mbstring\\": ""
                }
            },
            "notification-url": "https://packagist.org/downloads/",
            "license": [
                "MIT"
            ],
            "authors": [
                {
                    "name": "Nicolas Grekas",
                    "email": "p@tchwork.com"
                },
                {
                    "name": "Symfony Community",
                    "homepage": "https://symfony.com/contributors"
                }
            ],
            "description": "Symfony polyfill for the Mbstring extension",
            "homepage": "https://symfony.com",
            "keywords": [
                "compatibility",
                "mbstring",
                "polyfill",
                "portable",
                "shim"
            ],
            "support": {
                "source": "https://github.com/symfony/polyfill-mbstring/tree/1.x"
            },
            "funding": [
                {
                    "url": "https://symfony.com/sponsor",
                    "type": "custom"
                },
                {
                    "url": "https://github.com/fabpot",
                    "type": "github"
                },
                {
                    "url": "https://tidelift.com/funding/github/packagist/symfony/symfony",
                    "type": "tidelift"
                }
            ],
            "time": "2024-09-10T14:38:51+00:00"
        },
        {
            "name": "symfony/polyfill-php81",
            "version": "1.x-dev",
            "source": {
                "type": "git",
                "url": "https://github.com/symfony/polyfill-php81.git",
                "reference": "4a4cfc2d253c21a5ad0e53071df248ed48c6ce5c"
            },
            "dist": {
                "type": "zip",
                "url": "https://api.github.com/repos/symfony/polyfill-php81/zipball/4a4cfc2d253c21a5ad0e53071df248ed48c6ce5c",
                "reference": "4a4cfc2d253c21a5ad0e53071df248ed48c6ce5c",
                "shasum": ""
            },
            "require": {
                "php": ">=7.2"
            },
            "default-branch": true,
            "type": "library",
            "extra": {
                "thanks": {
                    "name": "symfony/polyfill",
                    "url": "https://github.com/symfony/polyfill"
                }
            },
            "autoload": {
                "files": [
                    "bootstrap.php"
                ],
                "psr-4": {
                    "Symfony\\Polyfill\\Php81\\": ""
                },
                "classmap": [
                    "Resources/stubs"
                ]
            },
            "notification-url": "https://packagist.org/downloads/",
            "license": [
                "MIT"
            ],
            "authors": [
                {
                    "name": "Nicolas Grekas",
                    "email": "p@tchwork.com"
                },
                {
                    "name": "Symfony Community",
                    "homepage": "https://symfony.com/contributors"
                }
            ],
            "description": "Symfony polyfill backporting some PHP 8.1+ features to lower PHP versions",
            "homepage": "https://symfony.com",
            "keywords": [
                "compatibility",
                "polyfill",
                "portable",
                "shim"
            ],
            "support": {
                "source": "https://github.com/symfony/polyfill-php81/tree/v1.31.0"
            },
            "funding": [
                {
                    "url": "https://symfony.com/sponsor",
                    "type": "custom"
                },
                {
                    "url": "https://github.com/fabpot",
                    "type": "github"
                },
                {
                    "url": "https://tidelift.com/funding/github/packagist/symfony/symfony",
                    "type": "tidelift"
                }
            ],
            "time": "2024-09-09T11:45:10+00:00"
        },
        {
            "name": "symfony/yaml",
            "version": "7.2.x-dev",
            "source": {
                "type": "git",
                "url": "https://github.com/symfony/yaml.git",
                "reference": "099581e99f557e9f16b43c5916c26380b54abb22"
            },
            "dist": {
                "type": "zip",
                "url": "https://api.github.com/repos/symfony/yaml/zipball/099581e99f557e9f16b43c5916c26380b54abb22",
                "reference": "099581e99f557e9f16b43c5916c26380b54abb22",
                "shasum": ""
            },
            "require": {
                "php": ">=8.2",
                "symfony/deprecation-contracts": "^2.5|^3.0",
                "symfony/polyfill-ctype": "^1.8"
            },
            "conflict": {
                "symfony/console": "<6.4"
            },
            "require-dev": {
                "symfony/console": "^6.4|^7.0"
            },
            "bin": [
                "Resources/bin/yaml-lint"
            ],
            "type": "library",
            "autoload": {
                "psr-4": {
                    "Symfony\\Component\\Yaml\\": ""
                },
                "exclude-from-classmap": [
                    "/Tests/"
                ]
            },
            "notification-url": "https://packagist.org/downloads/",
            "license": [
                "MIT"
            ],
            "authors": [
                {
                    "name": "Fabien Potencier",
                    "email": "fabien@symfony.com"
                },
                {
                    "name": "Symfony Community",
                    "homepage": "https://symfony.com/contributors"
                }
            ],
            "description": "Loads and dumps YAML files",
            "homepage": "https://symfony.com",
            "support": {
                "source": "https://github.com/symfony/yaml/tree/7.2"
            },
            "funding": [
                {
                    "url": "https://symfony.com/sponsor",
                    "type": "custom"
                },
                {
                    "url": "https://github.com/fabpot",
                    "type": "github"
                },
                {
                    "url": "https://tidelift.com/funding/github/packagist/symfony/symfony",
                    "type": "tidelift"
                }
            ],
            "time": "2024-10-23T06:56:12+00:00"
        },
        {
            "name": "twig/twig",
            "version": "3.x-dev",
            "source": {
                "type": "git",
                "url": "https://github.com/twigphp/Twig.git",
                "reference": "c5d0d593d21f9e713180e67ecfcf3b14f0923a84"
            },
            "dist": {
                "type": "zip",
                "url": "https://api.github.com/repos/twigphp/Twig/zipball/c5d0d593d21f9e713180e67ecfcf3b14f0923a84",
                "reference": "c5d0d593d21f9e713180e67ecfcf3b14f0923a84",
                "shasum": ""
            },
            "require": {
                "php": ">=8.0.2",
                "symfony/deprecation-contracts": "^2.5|^3",
                "symfony/polyfill-ctype": "^1.8",
                "symfony/polyfill-mbstring": "^1.3",
                "symfony/polyfill-php81": "^1.29"
            },
            "require-dev": {
                "psr/container": "^1.0|^2.0",
                "symfony/phpunit-bridge": "^5.4.9|^6.4|^7.0"
            },
            "default-branch": true,
            "type": "library",
            "autoload": {
                "files": [
                    "src/Resources/core.php",
                    "src/Resources/debug.php",
                    "src/Resources/escaper.php",
                    "src/Resources/string_loader.php"
                ],
                "psr-4": {
                    "Twig\\": "src/"
                }
            },
            "notification-url": "https://packagist.org/downloads/",
            "license": [
                "BSD-3-Clause"
            ],
            "authors": [
                {
                    "name": "Fabien Potencier",
                    "email": "fabien@symfony.com",
                    "homepage": "http://fabien.potencier.org",
                    "role": "Lead Developer"
                },
                {
                    "name": "Twig Team",
                    "role": "Contributors"
                },
                {
                    "name": "Armin Ronacher",
                    "email": "armin.ronacher@active-4.com",
                    "role": "Project Founder"
                }
            ],
            "description": "Twig, the flexible, fast, and secure template language for PHP",
            "homepage": "https://twig.symfony.com",
            "keywords": [
                "templating"
            ],
            "support": {
                "issues": "https://github.com/twigphp/Twig/issues",
                "source": "https://github.com/twigphp/Twig/tree/3.x"
            },
            "funding": [
                {
                    "url": "https://github.com/fabpot",
                    "type": "github"
                },
                {
                    "url": "https://tidelift.com/funding/github/packagist/twig/twig",
                    "type": "tidelift"
                }
            ],
            "time": "2024-11-12T07:12:30+00:00"
        },
        {
            "name": "ukmnorge/design",
            "version": "dev-master",
            "source": {
                "type": "git",
                "url": "https://github.com/UKMNorge/UKMDesign.git",
                "reference": "c75c9e0e1c89d6245c40cd07deba6f311bf18c09"
            },
            "dist": {
                "type": "zip",
                "url": "https://api.github.com/repos/UKMNorge/UKMDesign/zipball/c75c9e0e1c89d6245c40cd07deba6f311bf18c09",
                "reference": "c75c9e0e1c89d6245c40cd07deba6f311bf18c09",
                "shasum": ""
            },
            "require": {
                "symfony/yaml": ">=2.0",
                "twig/twig": "~1.0 || ~2.0 || ^3.0"
            },
            "default-branch": true,
            "type": "library",
            "autoload": {
                "psr-4": {
                    "UKMNorge\\Design\\": "Class/"
                }
            },
            "notification-url": "https://packagist.org/downloads/",
            "authors": [
                {
                    "name": "Asgeir Stavik Hustad",
                    "email": "asgeirsh@ukmmedia.no",
                    "role": "Developer"
                },
                {
                    "name": "Marius Mandal",
                    "email": "mariusmandal@ukm.no",
                    "role": "Lead Developer"
                }
            ],
            "description": "Felles design for UKM.no og undersider",
            "homepage": "https://github.com/UKMNorge/UKMDesign",
            "support": {
                "issues": "https://github.com/UKMNorge/UKMDesign/issues",
                "source": "https://github.com/UKMNorge/UKMDesign/tree/master"
            },
            "time": "2024-11-11T20:12:02+00:00"
        },
        {
            "name": "ukmnorge/designvanilla",
            "version": "dev-master",
            "source": {
                "type": "git",
                "url": "https://github.com/UKMNorge/UKMDesignVanilla.git",
                "reference": "3a6817eeed10d785d953a589a0e1596cf5ffbfbf"
            },
            "dist": {
                "type": "zip",
                "url": "https://api.github.com/repos/UKMNorge/UKMDesignVanilla/zipball/3a6817eeed10d785d953a589a0e1596cf5ffbfbf",
                "reference": "3a6817eeed10d785d953a589a0e1596cf5ffbfbf",
                "shasum": ""
            },
            "require": {
                "symfony/yaml": ">=2.0",
                "twig/twig": "^3.0",
                "ukmnorge/design": "dev-master"
            },
            "default-branch": true,
            "type": "library",
            "autoload": {
                "psr-4": {
                    "UKMNorge\\TemplateEngine\\": "TemplateEngine/"
                }
            },
            "notification-url": "https://packagist.org/downloads/",
            "authors": [
                {
                    "name": "Asgeir Stavik Hustad",
                    "email": "asgeirsh@ukmmedia.no",
                    "role": "Developer"
                },
                {
                    "name": "Marius Mandal",
                    "email": "mariusmandal@ukm.no",
                    "role": "Lead Developer"
                }
            ],
            "description": "Wrapper for UKM Design, brukt uten rammeverk",
            "homepage": "https://github.com/UKMNorge/UKMDesignVanilla",
            "support": {
                "issues": "https://github.com/UKMNorge/UKMDesignVanilla/issues",
                "source": "https://github.com/UKMNorge/UKMDesignVanilla/tree/master"
            },
            "time": "2021-08-12T14:35:02+00:00"
        }
    ],
    "packages-dev": [],
    "aliases": [],
    "minimum-stability": "dev",
    "stability-flags": {
        "mariusmandal/wpoo": 20,
        "ukmnorge/designvanilla": 20
    },
    "prefer-stable": false,
    "prefer-lowest": false,
    "platform": [],
    "platform-dev": [],
    "plugin-api-version": "2.6.0"
}
